{
  "name": "fixture-project",
  "version": "1.0.0",
  "lockfileVersion": 3,
  "requires": true,
  "packages": {
    "": {
      "name": "fixture-project",
      "version": "1.0.0",
      "dependencies": {
        "malicious-eval": "file:../malicious-eval",
        "safe-package": "file:../safe-package"
      }
    },
    "node_modules/malicious-eval": {
      "version": "1.0.0",
      "resolved": "file:../malicious-eval"
    },
    "node_modules/safe-package": {
      "version": "1.0.0",
      "resolved": "file:../safe-package"
    }
  }
}
